
Microsoft Visual Studio Solution File, Format Version 12.00
# Visual Studio 15
VisualStudioVersion = 15.0.27004.2010
MinimumVisualStudioVersion = 10.0.40219.1
Project("{FAE04EC0-301F-11D3-BF4B-00C04F79EFBC}") = "01. GenericMethods", "01. GenericMethods\01. GenericMethods.csproj", "{60B3E561-4C09-4A5B-AE78-D3DA1D535A8B}"
EndProject
Project("{FAE04EC0-301F-11D3-BF4B-00C04F79EFBC}") = "02. GenericClass", "02. GenericClass\02. GenericClass.csproj", "{F2C09318-B186-4915-AF56-45AE9B4365E4}"
EndProject
Global
	GlobalSection(SolutionConfigurationPlatforms) = preSolution
		Debug|Any CPU = Debug|Any CPU
		Release|Any CPU = Release|Any CPU
	EndGlobalSection
	GlobalSection(ProjectConfigurationPlatforms) = postSolution
		{60B3E561-4C09-4A5B-AE78-D3DA1D535A8B}.Debug|Any CPU.ActiveCfg = Debug|Any CPU
		{60B3E561-4C09-4A5B-AE78-D3DA1D535A8B}.Debug|Any CPU.Build.0 = Debug|Any CPU
		{60B3E561-4C09-4A5B-AE78-D3DA1D535A8B}.Release|Any CPU.ActiveCfg = Release|Any CPU
		{60B3E561-4C09-4A5B-AE78-D3DA1D535A8B}.Release|Any CPU.Build.0 = Release|Any CPU
		{F2C09318-B186-4915-AF56-45AE9B4365E4}.Debug|Any CPU.ActiveCfg = Debug|Any CPU
		{F2C09318-B186-4915-AF56-45AE9B4365E4}.Debug|Any CPU.Build.0 = Debug|Any CPU
		{F2C09318-B186-4915-AF56-45AE9B4365E4}.Release|Any CPU.ActiveCfg = Release|Any CPU
		{F2C09318-B186-4915-AF56-45AE9B4365E4}.Release|Any CPU.Build.0 = Release|Any CPU
	EndGlobalSection
	GlobalSection(SolutionProperties) = preSolution
		HideSolutionNode = FALSE
	EndGlobalSection
	GlobalSection(ExtensibilityGlobals) = postSolution
		SolutionGuid = {23FB9B77-02F5-4829-80F5-D1664C31115A}
	EndGlobalSection
EndGlobal
